[renv]
Version=0.4.0-21

[R]
Version=3.5.2
Repositories=
	CRAN=https://cran.rstudio.com/

[R/Package/BH]
Package=BH
Version=1.69.0-1
Source=CRAN
Hash=c21ff57827acd7a1e150943fa1264677

[R/Package/MASS]
Package=MASS
Version=7.3-51.1
Source=CRAN
Hash=bafa10bf20a0212fb5dcf297feca0a5b

[R/Package/Matrix]
Package=Matrix
Version=1.2-15
Source=CRAN
Hash=3f14dad0b07de3177209b666c6835170

[R/Package/R6]
Package=R6
Version=2.4.0
Source=CRAN
Hash=f542e196103d43e270c2f12769143a4c

[R/Package/RApiDatetime]
Package=RApiDatetime
Version=0.0.4
Source=CRAN
Hash=a70019822c12f812cb09ebd6153d3220

[R/Package/RColorBrewer]
Package=RColorBrewer
Version=1.1-2
Source=CRAN
Hash=e12d9efbd8540624beb948405e496adf

[R/Package/Rcpp]
Package=Rcpp
Version=1.0.1
Source=CRAN
Hash=afc83bf2a529ebac3a0ac6434772b1c7

[R/Package/anytime]
Package=anytime
Version=0.3.3
Source=CRAN
Hash=3c492c54da891879a447f7e52f20a2db

[R/Package/askpass]
Package=askpass
Version=1.1
Source=CRAN
Hash=8cf7584c364ebfbd3b84154a0fd0c18d

[R/Package/assertthat]
Package=assertthat
Version=0.2.0
Source=CRAN
Hash=790002030cabb036e17de885c41fc9a3

[R/Package/backports]
Package=backports
Version=1.1.2
Source=CRAN
Hash=37a73ae5d46712288e162d65c127c4b4

[R/Package/base64enc]
Package=base64enc
Version=0.1-3
Source=CRAN
Hash=9e74499ff4cb4233042ed2d5c662423e

[R/Package/brew]
Package=brew
Version=1.0-6
Source=CRAN
Hash=83a95e35c28b386681e1a05f29fae496

[R/Package/callr]
Package=callr
Version=3.0.0
Source=CRAN
Hash=e824eb0b256819eef9a77ace72dba5e4

[R/Package/cli]
Package=cli
Version=1.0.1
Source=CRAN
Hash=ff75f0c242d77cf9b7f1a9bb66219277

[R/Package/clipr]
Package=clipr
Version=0.4.1
Source=CRAN
Hash=b9eb9fefc4f9649a88064599726ce9a9

[R/Package/clisymbols]
Package=clisymbols
Version=1.2.0
Source=CRAN
Hash=7d795ad90c9503c6d0e35c8ff2511a21

[R/Package/colorspace]
Package=colorspace
Version=1.4-1
Source=CRAN
Hash=705e3eac14c352ff8250ec9c7481c33d

[R/Package/commonmark]
Package=commonmark
Version=1.7
Source=CRAN
Hash=1292628dbd656fd28597cc9c8050333f

[R/Package/crayon]
Package=crayon
Version=1.3.4
Source=CRAN
Hash=84467438184915ca5bbf3279e1a56b44

[R/Package/curl]
Package=curl
Version=3.3
Source=CRAN
Hash=aaea072ce2cf5f388446650b475874a8

[R/Package/desc]
Package=desc
Version=1.2.0
Source=CRAN
Hash=d033d9c9763edc1982c096a91dba894f

[R/Package/devtools]
Package=devtools
Version=2.0.1
Source=CRAN
Hash=a3fbe19c2346ab4b14b85c98f58f1551

[R/Package/digest]
Package=digest
Version=0.6.18
Source=CRAN
Hash=3a0646cd1e9116f7bf03ca88e1e562f8

[R/Package/evaluate]
Package=evaluate
Version=0.12
Source=CRAN
Hash=6b7fb872de86bc067d3b526ceb8bc7c9

[R/Package/fansi]
Package=fansi
Version=0.4.0
Source=CRAN
Hash=ed266fd17df944c53786d83841c4770f

[R/Package/fs]
Package=fs
Version=1.2.6
Source=CRAN
Hash=ccad93a16120e4323891c211b2ce15c7

[R/Package/ggplot2]
Package=ggplot2
Version=3.1.0
Source=CRAN
Hash=97543aea2b31f25fd190bd5fc5f386aa

[R/Package/gh]
Package=gh
Version=1.0.1
Source=CRAN
Hash=35644e3625636e3508bf03ad7aec9d9c

[R/Package/git2r]
Package=git2r
Version=0.23.0
Source=CRAN
Hash=b3f50796ce4561fb6e21c330d4e25580

[R/Package/glue]
Package=glue
Version=1.3.1
Source=CRAN
Hash=9611ef23b274cfa43c85839a183948dc

[R/Package/gtable]
Package=gtable
Version=0.2.0
Source=CRAN
Hash=ab069234a2a5b08f595e74067f87aae6

[R/Package/highr]
Package=highr
Version=0.7
Source=CRAN
Hash=bef87ff0a14019823aa2de32bc990c68

[R/Package/htmltools]
Package=htmltools
Version=0.3.6
Source=CRAN
Hash=b51a95de8992a1ffae14c4152b66f56e

[R/Package/httr]
Package=httr
Version=1.4.0
Source=CRAN
Hash=dacc39276974a4b2342659368a7b623b

[R/Package/ini]
Package=ini
Version=0.3.1
Source=CRAN
Hash=baac21286fd4364616bd5d380ed9884d

[R/Package/jsonlite]
Package=jsonlite
Version=1.6
Source=CRAN
Hash=9098f8f59907a1180f3a2ff469cd67f2

[R/Package/knitr]
Package=knitr
Version=1.20
Source=CRAN
Hash=9467ecdd903d2cff9e0963a33fe52168

[R/Package/labeling]
Package=labeling
Version=0.3
Source=CRAN
Hash=701b56435d3771d042b816ff1abb9944

[R/Package/lattice]
Package=lattice
Version=0.20-38
Source=CRAN
Hash=ab950ea929b83c44eeba6ce00e280f9a

[R/Package/lazyeval]
Package=lazyeval
Version=0.2.2
Source=CRAN
Hash=a230d72a95d16715973ad2ae0664cfc0

[R/Package/magrittr]
Package=magrittr
Version=1.5
Source=CRAN
Hash=1063976a6affe09eb75fc2927b8d4d9d

[R/Package/markdown]
Package=markdown
Version=0.8
Source=CRAN
Hash=8263b416022f7b2db6d45099716d838a

[R/Package/memoise]
Package=memoise
Version=1.1.0
Source=CRAN
Hash=69e69a93c4521440b176fa74be579356

[R/Package/mgcv]
Package=mgcv
Version=1.8-26
Source=CRAN
Hash=81083b2f0665de2fde13aba1312d0c09

[R/Package/mime]
Package=mime
Version=0.6
Source=CRAN
Hash=976803fdcdc85d33c36218b44156e1c1

[R/Package/munsell]
Package=munsell
Version=0.5.0
Source=CRAN
Hash=504a3c6bd8b5b9c1f4dd9065ead25c9a

[R/Package/nlme]
Package=nlme
Version=3.1-137
Source=CRAN
Hash=7467c94bb956dbfe03f05ceb944d18f4

[R/Package/openssl]
Package=openssl
Version=1.2.1
Source=CRAN
Hash=104cabd60260bb02ea5344d574976e84

[R/Package/pillar]
Package=pillar
Version=1.3.1
Source=CRAN
Hash=047950e50e884512870c52c21e9317cd

[R/Package/pkgbuild]
Package=pkgbuild
Version=1.0.2
Source=CRAN
Hash=95141d79b76b60226585ce9c2c03cc37

[R/Package/pkgconfig]
Package=pkgconfig
Version=2.0.2
Source=CRAN
Hash=cb8f27ad9e671904636c04acd56131f0

[R/Package/pkgload]
Package=pkgload
Version=1.0.2
Source=CRAN
Hash=05fc6d91ef1820c65c961696fb90ef4c

[R/Package/plyr]
Package=plyr
Version=1.8.4
Source=CRAN
Hash=22a149ed250857f9159e7ed078ea94a6

[R/Package/prettyunits]
Package=prettyunits
Version=1.0.2
Source=CRAN
Hash=d6f0227d29f17a4a8a73bbad025adab5

[R/Package/processx]
Package=processx
Version=3.2.0
Source=CRAN
Hash=bb77348c643874c8a5cfd289287f3b09

[R/Package/ps]
Package=ps
Version=1.2.1
Source=CRAN
Hash=a587887b1f33f0e56d40a7424ff1b7ab

[R/Package/purrr]
Package=purrr
Version=0.3.0.9000
Source=GitHub
RemoteType=github
RemoteHost=api.github.com
RemoteRepo=purrr
RemoteUsername=tidyverse
RemoteRef=master
RemoteSha=28a6811a9abcbdc6263a3ec04a87531574c9fa2d
Hash=157c993aeab11bc25a95272136b8a0a0

[R/Package/rcmdcheck]
Package=rcmdcheck
Version=1.3.2
Source=CRAN
Hash=b7ee0181833b9c190c4f4d90f04ea984

[R/Package/remotes]
Package=remotes
Version=2.0.2
Source=CRAN
Hash=2aee1809bae6de308df57bf3b5699f40

[R/Package/reshape2]
Package=reshape2
Version=1.4.3
Source=CRAN
Hash=431389bf4e0708ebafb1dec474f3cba8

[R/Package/rlang]
Package=rlang
Version=0.3.1.9000
Source=GitHub
RemoteType=github
RemoteHost=api.github.com
RemoteRepo=rlang
RemoteUsername=r-lib
RemoteRef=master
RemoteSha=7243c6d573e3edf448f25376e855cc6fd0a52e1c
Hash=191402be690a4d95b60f0133ae3c5faa

[R/Package/rmarkdown]
Package=rmarkdown
Version=1.10
Source=CRAN
Hash=45518fa57fa853c60ad6233f5d18ac0d

[R/Package/roxygen2]
Package=roxygen2
Version=6.1.1
Source=CRAN
Hash=1f89f067e58d62d462b38e098fdff8b6

[R/Package/rprojroot]
Package=rprojroot
Version=1.3-2
Source=CRAN
Hash=e6c60a758ed15027bf9ba44701d2e01d

[R/Package/rstudioapi]
Package=rstudioapi
Version=0.8
Source=CRAN
Hash=0e11ba58ddf1f07bcb4945ed7e22ff3a

[R/Package/scales]
Package=scales
Version=1.0.0
Source=CRAN
Hash=55f0078e1e49c799686b5cb57f886087

[R/Package/sessioninfo]
Package=sessioninfo
Version=1.1.1
Source=CRAN
Hash=c756eca9ff3fa1036cda98ac151e8387

[R/Package/stringi]
Package=stringi
Version=1.4.3
Source=CRAN
Hash=173c63cf8b9f876dba8b2984ce7a65d7

[R/Package/stringr]
Package=stringr
Version=1.4.0
Source=CRAN
Hash=813b06afd70ca31c1071395d49346b89

[R/Package/sys]
Package=sys
Version=2.1
Source=CRAN
Hash=c0d1ba5a20f8b4dd794c37781a4d1e00

[R/Package/tibble]
Package=tibble
Version=2.1.1
Source=CRAN
Hash=7731263493ca3f1c7c868e7bfb5d92aa

[R/Package/tinytex]
Package=tinytex
Version=0.9
Source=CRAN
Hash=d9f382395a3d203de07d8216b5b87c74

[R/Package/usethis]
Package=usethis
Version=1.4.0
Source=CRAN
Hash=e4628cf6c7a1384b1baa94d6ee6ae296

[R/Package/utf8]
Package=utf8
Version=1.1.4
Source=CRAN
Hash=6399c80981358af7b39c217c72f22785

[R/Package/viridisLite]
Package=viridisLite
Version=0.3.0
Source=CRAN
Hash=732c3dabc42bce1fafb5d286184804c6

[R/Package/whisker]
Package=whisker
Version=0.3-2
Source=CRAN
Hash=cf13162701dd6681e36c1ea115deb545

[R/Package/withr]
Package=withr
Version=2.1.2
Source=CRAN
Hash=844aae4b78fac8f6ed2541cde1facdb3

[R/Package/xfun]
Package=xfun
Version=0.4
Source=CRAN
Hash=ced75ae47bf319146913eeb778290d53

[R/Package/xml2]
Package=xml2
Version=1.2.0
Source=CRAN
Hash=db809854a56ab0487ae935259e53a631

[R/Package/xopen]
Package=xopen
Version=1.0.0
Source=CRAN
Hash=cd708a0f4e3f7b00fc7937e4dbe4c6d6

[R/Package/yaml]
Package=yaml
Version=2.2.0
Source=CRAN
Hash=9db4f908886820b37f76b5ecc52c76e6

